
Microsoft Visual Studio Solution File, Format Version 12.00
# Visual Studio Version 16
Project("{8BC9CEB8-8B4A-11D0-8D11-00A0C91BC942}") = "ALL_BUILD", "ALL_BUILD.vcxproj", "{20A36639-5404-3092-8207-0D2C9F9EC0DC}"
	ProjectSection(ProjectDependencies) = postProject
		{B1EE8A69-D211-3EE3-9FFB-78032D079156} = {B1EE8A69-D211-3EE3-9FFB-78032D079156}
		{0F426923-EA01-3172-B039-058480469DF4} = {0F426923-EA01-3172-B039-058480469DF4}
		{B0CA5119-F91B-37F7-AEFA-ED6DE68FF95A} = {B0CA5119-F91B-37F7-AEFA-ED6DE68FF95A}
		{C5CE0EF9-BAE6-376D-9EF4-E1246117438F} = {C5CE0EF9-BAE6-376D-9EF4-E1246117438F}
		{1E2FA9C0-5BAA-3676-B4EC-9D8F7867A80C} = {1E2FA9C0-5BAA-3676-B4EC-9D8F7867A80C}
		{6768E263-BD60-32BF-8FFB-A5B31B7B4F27} = {6768E263-BD60-32BF-8FFB-A5B31B7B4F27}
		{B0F5F49E-C498-3ABB-BAA2-AB895C45B45D} = {B0F5F49E-C498-3ABB-BAA2-AB895C45B45D}
	EndProjectSection
EndProject
Project("{8BC9CEB8-8B4A-11D0-8D11-00A0C91BC942}") = "Common", "inc_files\Common\Common.vcxproj", "{B1EE8A69-D211-3EE3-9FFB-78032D079156}"
	ProjectSection(ProjectDependencies) = postProject
		{6768E263-BD60-32BF-8FFB-A5B31B7B4F27} = {6768E263-BD60-32BF-8FFB-A5B31B7B4F27}
		{B0F5F49E-C498-3ABB-BAA2-AB895C45B45D} = {B0F5F49E-C498-3ABB-BAA2-AB895C45B45D}
	EndProjectSection
EndProject
Project("{8BC9CEB8-8B4A-11D0-8D11-00A0C91BC942}") = "DataAccess", "inc_files\DataAccess\DataAccess.vcxproj", "{0F426923-EA01-3172-B039-058480469DF4}"
	ProjectSection(ProjectDependencies) = postProject
		{B1EE8A69-D211-3EE3-9FFB-78032D079156} = {B1EE8A69-D211-3EE3-9FFB-78032D079156}
		{6768E263-BD60-32BF-8FFB-A5B31B7B4F27} = {6768E263-BD60-32BF-8FFB-A5B31B7B4F27}
		{B0F5F49E-C498-3ABB-BAA2-AB895C45B45D} = {B0F5F49E-C498-3ABB-BAA2-AB895C45B45D}
	EndProjectSection
EndProject
Project("{8BC9CEB8-8B4A-11D0-8D11-00A0C91BC942}") = "ElPoTrade", "ElPoTrade.vcxproj", "{B0CA5119-F91B-37F7-AEFA-ED6DE68FF95A}"
	ProjectSection(ProjectDependencies) = postProject
		{B1EE8A69-D211-3EE3-9FFB-78032D079156} = {B1EE8A69-D211-3EE3-9FFB-78032D079156}
		{0F426923-EA01-3172-B039-058480469DF4} = {0F426923-EA01-3172-B039-058480469DF4}
		{C5CE0EF9-BAE6-376D-9EF4-E1246117438F} = {C5CE0EF9-BAE6-376D-9EF4-E1246117438F}
		{1E2FA9C0-5BAA-3676-B4EC-9D8F7867A80C} = {1E2FA9C0-5BAA-3676-B4EC-9D8F7867A80C}
		{6768E263-BD60-32BF-8FFB-A5B31B7B4F27} = {6768E263-BD60-32BF-8FFB-A5B31B7B4F27}
		{B0F5F49E-C498-3ABB-BAA2-AB895C45B45D} = {B0F5F49E-C498-3ABB-BAA2-AB895C45B45D}
	EndProjectSection
EndProject
Project("{8BC9CEB8-8B4A-11D0-8D11-00A0C91BC942}") = "GUI", "inc_files\GUI\GUI.vcxproj", "{C5CE0EF9-BAE6-376D-9EF4-E1246117438F}"
	ProjectSection(ProjectDependencies) = postProject
		{B1EE8A69-D211-3EE3-9FFB-78032D079156} = {B1EE8A69-D211-3EE3-9FFB-78032D079156}
		{0F426923-EA01-3172-B039-058480469DF4} = {0F426923-EA01-3172-B039-058480469DF4}
		{1E2FA9C0-5BAA-3676-B4EC-9D8F7867A80C} = {1E2FA9C0-5BAA-3676-B4EC-9D8F7867A80C}
		{6768E263-BD60-32BF-8FFB-A5B31B7B4F27} = {6768E263-BD60-32BF-8FFB-A5B31B7B4F27}
		{B0F5F49E-C498-3ABB-BAA2-AB895C45B45D} = {B0F5F49E-C498-3ABB-BAA2-AB895C45B45D}
	EndProjectSection
EndProject
Project("{8BC9CEB8-8B4A-11D0-8D11-00A0C91BC942}") = "INSTALL", "INSTALL.vcxproj", "{D9808E64-C89B-3111-80C2-D8B38A6604EA}"
	ProjectSection(ProjectDependencies) = postProject
		{20A36639-5404-3092-8207-0D2C9F9EC0DC} = {20A36639-5404-3092-8207-0D2C9F9EC0DC}
		{6768E263-BD60-32BF-8FFB-A5B31B7B4F27} = {6768E263-BD60-32BF-8FFB-A5B31B7B4F27}
	EndProjectSection
EndProject
Project("{8BC9CEB8-8B4A-11D0-8D11-00A0C91BC942}") = "Services", "inc_files\Services\Services.vcxproj", "{1E2FA9C0-5BAA-3676-B4EC-9D8F7867A80C}"
	ProjectSection(ProjectDependencies) = postProject
		{B1EE8A69-D211-3EE3-9FFB-78032D079156} = {B1EE8A69-D211-3EE3-9FFB-78032D079156}
		{0F426923-EA01-3172-B039-058480469DF4} = {0F426923-EA01-3172-B039-058480469DF4}
		{6768E263-BD60-32BF-8FFB-A5B31B7B4F27} = {6768E263-BD60-32BF-8FFB-A5B31B7B4F27}
		{B0F5F49E-C498-3ABB-BAA2-AB895C45B45D} = {B0F5F49E-C498-3ABB-BAA2-AB895C45B45D}
	EndProjectSection
EndProject
Project("{8BC9CEB8-8B4A-11D0-8D11-00A0C91BC942}") = "ZERO_CHECK", "ZERO_CHECK.vcxproj", "{6768E263-BD60-32BF-8FFB-A5B31B7B4F27}"
	ProjectSection(ProjectDependencies) = postProject
	EndProjectSection
EndProject
Project("{8BC9CEB8-8B4A-11D0-8D11-00A0C91BC942}") = "hiberlite", "inc_files\Libs\hiberlite\hiberlite.vcxproj", "{B0F5F49E-C498-3ABB-BAA2-AB895C45B45D}"
	ProjectSection(ProjectDependencies) = postProject
		{6768E263-BD60-32BF-8FFB-A5B31B7B4F27} = {6768E263-BD60-32BF-8FFB-A5B31B7B4F27}
	EndProjectSection
EndProject
Global
	GlobalSection(SolutionConfigurationPlatforms) = preSolution
		Debug|x64 = Debug|x64
		Release|x64 = Release|x64
		MinSizeRel|x64 = MinSizeRel|x64
		RelWithDebInfo|x64 = RelWithDebInfo|x64
	EndGlobalSection
	GlobalSection(ProjectConfigurationPlatforms) = postSolution
		{20A36639-5404-3092-8207-0D2C9F9EC0DC}.Debug|x64.ActiveCfg = Debug|x64
		{20A36639-5404-3092-8207-0D2C9F9EC0DC}.Debug|x64.Build.0 = Debug|x64
		{20A36639-5404-3092-8207-0D2C9F9EC0DC}.Release|x64.ActiveCfg = Release|x64
		{20A36639-5404-3092-8207-0D2C9F9EC0DC}.Release|x64.Build.0 = Release|x64
		{20A36639-5404-3092-8207-0D2C9F9EC0DC}.MinSizeRel|x64.ActiveCfg = MinSizeRel|x64
		{20A36639-5404-3092-8207-0D2C9F9EC0DC}.MinSizeRel|x64.Build.0 = MinSizeRel|x64
		{20A36639-5404-3092-8207-0D2C9F9EC0DC}.RelWithDebInfo|x64.ActiveCfg = RelWithDebInfo|x64
		{20A36639-5404-3092-8207-0D2C9F9EC0DC}.RelWithDebInfo|x64.Build.0 = RelWithDebInfo|x64
		{B1EE8A69-D211-3EE3-9FFB-78032D079156}.Debug|x64.ActiveCfg = Debug|x64
		{B1EE8A69-D211-3EE3-9FFB-78032D079156}.Debug|x64.Build.0 = Debug|x64
		{B1EE8A69-D211-3EE3-9FFB-78032D079156}.Release|x64.ActiveCfg = Release|x64
		{B1EE8A69-D211-3EE3-9FFB-78032D079156}.Release|x64.Build.0 = Release|x64
		{B1EE8A69-D211-3EE3-9FFB-78032D079156}.MinSizeRel|x64.ActiveCfg = MinSizeRel|x64
		{B1EE8A69-D211-3EE3-9FFB-78032D079156}.MinSizeRel|x64.Build.0 = MinSizeRel|x64
		{B1EE8A69-D211-3EE3-9FFB-78032D079156}.RelWithDebInfo|x64.ActiveCfg = RelWithDebInfo|x64
		{B1EE8A69-D211-3EE3-9FFB-78032D079156}.RelWithDebInfo|x64.Build.0 = RelWithDebInfo|x64
		{0F426923-EA01-3172-B039-058480469DF4}.Debug|x64.ActiveCfg = Debug|x64
		{0F426923-EA01-3172-B039-058480469DF4}.Debug|x64.Build.0 = Debug|x64
		{0F426923-EA01-3172-B039-058480469DF4}.Release|x64.ActiveCfg = Release|x64
		{0F426923-EA01-3172-B039-058480469DF4}.Release|x64.Build.0 = Release|x64
		{0F426923-EA01-3172-B039-058480469DF4}.MinSizeRel|x64.ActiveCfg = MinSizeRel|x64
		{0F426923-EA01-3172-B039-058480469DF4}.MinSizeRel|x64.Build.0 = MinSizeRel|x64
		{0F426923-EA01-3172-B039-058480469DF4}.RelWithDebInfo|x64.ActiveCfg = RelWithDebInfo|x64
		{0F426923-EA01-3172-B039-058480469DF4}.RelWithDebInfo|x64.Build.0 = RelWithDebInfo|x64
		{B0CA5119-F91B-37F7-AEFA-ED6DE68FF95A}.Debug|x64.ActiveCfg = Debug|x64
		{B0CA5119-F91B-37F7-AEFA-ED6DE68FF95A}.Debug|x64.Build.0 = Debug|x64
		{B0CA5119-F91B-37F7-AEFA-ED6DE68FF95A}.Release|x64.ActiveCfg = Release|x64
		{B0CA5119-F91B-37F7-AEFA-ED6DE68FF95A}.Release|x64.Build.0 = Release|x64
		{B0CA5119-F91B-37F7-AEFA-ED6DE68FF95A}.MinSizeRel|x64.ActiveCfg = MinSizeRel|x64
		{B0CA5119-F91B-37F7-AEFA-ED6DE68FF95A}.MinSizeRel|x64.Build.0 = MinSizeRel|x64
		{B0CA5119-F91B-37F7-AEFA-ED6DE68FF95A}.RelWithDebInfo|x64.ActiveCfg = RelWithDebInfo|x64
		{B0CA5119-F91B-37F7-AEFA-ED6DE68FF95A}.RelWithDebInfo|x64.Build.0 = RelWithDebInfo|x64
		{C5CE0EF9-BAE6-376D-9EF4-E1246117438F}.Debug|x64.ActiveCfg = Debug|x64
		{C5CE0EF9-BAE6-376D-9EF4-E1246117438F}.Debug|x64.Build.0 = Debug|x64
		{C5CE0EF9-BAE6-376D-9EF4-E1246117438F}.Release|x64.ActiveCfg = Release|x64
		{C5CE0EF9-BAE6-376D-9EF4-E1246117438F}.Release|x64.Build.0 = Release|x64
		{C5CE0EF9-BAE6-376D-9EF4-E1246117438F}.MinSizeRel|x64.ActiveCfg = MinSizeRel|x64
		{C5CE0EF9-BAE6-376D-9EF4-E1246117438F}.MinSizeRel|x64.Build.0 = MinSizeRel|x64
		{C5CE0EF9-BAE6-376D-9EF4-E1246117438F}.RelWithDebInfo|x64.ActiveCfg = RelWithDebInfo|x64
		{C5CE0EF9-BAE6-376D-9EF4-E1246117438F}.RelWithDebInfo|x64.Build.0 = RelWithDebInfo|x64
		{D9808E64-C89B-3111-80C2-D8B38A6604EA}.Debug|x64.ActiveCfg = Debug|x64
		{D9808E64-C89B-3111-80C2-D8B38A6604EA}.Release|x64.ActiveCfg = Release|x64
		{D9808E64-C89B-3111-80C2-D8B38A6604EA}.MinSizeRel|x64.ActiveCfg = MinSizeRel|x64
		{D9808E64-C89B-3111-80C2-D8B38A6604EA}.RelWithDebInfo|x64.ActiveCfg = RelWithDebInfo|x64
		{1E2FA9C0-5BAA-3676-B4EC-9D8F7867A80C}.Debug|x64.ActiveCfg = Debug|x64
		{1E2FA9C0-5BAA-3676-B4EC-9D8F7867A80C}.Debug|x64.Build.0 = Debug|x64
		{1E2FA9C0-5BAA-3676-B4EC-9D8F7867A80C}.Release|x64.ActiveCfg = Release|x64
		{1E2FA9C0-5BAA-3676-B4EC-9D8F7867A80C}.Release|x64.Build.0 = Release|x64
		{1E2FA9C0-5BAA-3676-B4EC-9D8F7867A80C}.MinSizeRel|x64.ActiveCfg = MinSizeRel|x64
		{1E2FA9C0-5BAA-3676-B4EC-9D8F7867A80C}.MinSizeRel|x64.Build.0 = MinSizeRel|x64
		{1E2FA9C0-5BAA-3676-B4EC-9D8F7867A80C}.RelWithDebInfo|x64.ActiveCfg = RelWithDebInfo|x64
		{1E2FA9C0-5BAA-3676-B4EC-9D8F7867A80C}.RelWithDebInfo|x64.Build.0 = RelWithDebInfo|x64
		{6768E263-BD60-32BF-8FFB-A5B31B7B4F27}.Debug|x64.ActiveCfg = Debug|x64
		{6768E263-BD60-32BF-8FFB-A5B31B7B4F27}.Debug|x64.Build.0 = Debug|x64
		{6768E263-BD60-32BF-8FFB-A5B31B7B4F27}.Release|x64.ActiveCfg = Release|x64
		{6768E263-BD60-32BF-8FFB-A5B31B7B4F27}.Release|x64.Build.0 = Release|x64
		{6768E263-BD60-32BF-8FFB-A5B31B7B4F27}.MinSizeRel|x64.ActiveCfg = MinSizeRel|x64
		{6768E263-BD60-32BF-8FFB-A5B31B7B4F27}.MinSizeRel|x64.Build.0 = MinSizeRel|x64
		{6768E263-BD60-32BF-8FFB-A5B31B7B4F27}.RelWithDebInfo|x64.ActiveCfg = RelWithDebInfo|x64
		{6768E263-BD60-32BF-8FFB-A5B31B7B4F27}.RelWithDebInfo|x64.Build.0 = RelWithDebInfo|x64
		{B0F5F49E-C498-3ABB-BAA2-AB895C45B45D}.Debug|x64.ActiveCfg = Debug|x64
		{B0F5F49E-C498-3ABB-BAA2-AB895C45B45D}.Debug|x64.Build.0 = Debug|x64
		{B0F5F49E-C498-3ABB-BAA2-AB895C45B45D}.Release|x64.ActiveCfg = Release|x64
		{B0F5F49E-C498-3ABB-BAA2-AB895C45B45D}.Release|x64.Build.0 = Release|x64
		{B0F5F49E-C498-3ABB-BAA2-AB895C45B45D}.MinSizeRel|x64.ActiveCfg = MinSizeRel|x64
		{B0F5F49E-C498-3ABB-BAA2-AB895C45B45D}.MinSizeRel|x64.Build.0 = MinSizeRel|x64
		{B0F5F49E-C498-3ABB-BAA2-AB895C45B45D}.RelWithDebInfo|x64.ActiveCfg = RelWithDebInfo|x64
		{B0F5F49E-C498-3ABB-BAA2-AB895C45B45D}.RelWithDebInfo|x64.Build.0 = RelWithDebInfo|x64
	EndGlobalSection
	GlobalSection(ExtensibilityGlobals) = postSolution
		SolutionGuid = {F1E756E9-F2C1-351E-A338-95B987422B3E}
	EndGlobalSection
	GlobalSection(ExtensibilityAddIns) = postSolution
	EndGlobalSection
EndGlobal
