<?xml version="1.0" encoding="utf-8"?>
<Project ToolsVersion="16.0" xmlns="http://schemas.microsoft.com/developer/msbuild/2003">
  <ItemGroup>
    <ClCompile Include="S:\perfect_circle\RRProject\ElPoTrade\cmake_bin\inc_files\GUI\GUI_autogen\mocs_compilation_Debug.cpp">
      <Filter>Source Files</Filter>
    </ClCompile>
    <ClCompile Include="S:\perfect_circle\RRProject\ElPoTrade\inc_files\GUI\LampScreen.cpp">
      <Filter>Source Files</Filter>
    </ClCompile>
    <ClCompile Include="S:\perfect_circle\RRProject\ElPoTrade\inc_files\GUI\MainScreen.cpp">
      <Filter>Source Files</Filter>
    </ClCompile>
    <ClCompile Include="S:\perfect_circle\RRProject\ElPoTrade\inc_files\GUI\ProductScreen.cpp">
      <Filter>Source Files</Filter>
    </ClCompile>
    <ClCompile Include="S:\perfect_circle\RRProject\ElPoTrade\inc_files\GUI\ScreenStack.cpp">
      <Filter>Source Files</Filter>
    </ClCompile>
    <ClCompile Include="S:\perfect_circle\RRProject\ElPoTrade\cmake_bin\inc_files\GUI\GUI_autogen\mocs_compilation_Release.cpp">
      <Filter>Source Files</Filter>
    </ClCompile>
    <ClCompile Include="S:\perfect_circle\RRProject\ElPoTrade\cmake_bin\inc_files\GUI\GUI_autogen\mocs_compilation_MinSizeRel.cpp">
      <Filter>Source Files</Filter>
    </ClCompile>
    <ClCompile Include="S:\perfect_circle\RRProject\ElPoTrade\cmake_bin\inc_files\GUI\GUI_autogen\mocs_compilation_RelWithDebInfo.cpp">
      <Filter>Source Files</Filter>
    </ClCompile>
  </ItemGroup>
  <ItemGroup>
    <CustomBuild Include="S:\perfect_circle\RRProject\ElPoTrade\inc_files\GUI\CMakeLists.txt" />
  </ItemGroup>
  <ItemGroup>
    <Filter Include="Source Files">
      <UniqueIdentifier>{512AA2BB-E7DC-3A75-B0F3-AB9A4167034A}</UniqueIdentifier>
    </Filter>
  </ItemGroup>
</Project>
