<?xml version="1.0" encoding="utf-8"?>
<Project ToolsVersion="4.0" xmlns="http://schemas.microsoft.com/developer/msbuild/2003">
  <ItemGroup>
    <Filter Include="Source Files">
      <UniqueIdentifier>{4FC737F1-C7A5-4376-A066-2A32D752A2FF}</UniqueIdentifier>
      <Extensions>cpp;c;cc;cxx;def;odl;idl;hpj;bat;asm;asmx</Extensions>
    </Filter>
    <Filter Include="Header Files">
      <UniqueIdentifier>{93995380-89BD-4b04-88EB-625FBE52EBFB}</UniqueIdentifier>
      <Extensions>h;hh;hpp;hxx;hm;inl;inc;xsd</Extensions>
    </Filter>
    <Filter Include="Resource Files">
      <UniqueIdentifier>{67DA6AB6-F800-4c08-8B7A-83BB121AAD01}</UniqueIdentifier>
      <Extensions>qrc;rc;ico;cur;bmp;dlg;rc2;rct;bin;rgs;gif;jpg;jpeg;jpe;resx;tiff;tif;png;wav;mfcribbon-ms</Extensions>
    </Filter>
    <Filter Include="Translation Files">
      <UniqueIdentifier>{639EADAA-A684-42e4-A9AD-28FC9BCB8F7C}</UniqueIdentifier>
      <Extensions>ts</Extensions>
    </Filter>
    <Filter Include="Header Files\GUI">
      <UniqueIdentifier>{ec589336-03d5-4eec-a18d-d35ca7997928}</UniqueIdentifier>
    </Filter>
    <Filter Include="Header Files\Services">
      <UniqueIdentifier>{960a83af-9008-4afb-96b2-424cc28d6858}</UniqueIdentifier>
    </Filter>
    <Filter Include="Header Files\DataAccess">
      <UniqueIdentifier>{a0d2b719-2bb5-454f-936f-b09ba7871225}</UniqueIdentifier>
    </Filter>
    <Filter Include="Header Files\Common">
      <UniqueIdentifier>{700012fa-d3df-4382-bebb-182400a89ad2}</UniqueIdentifier>
    </Filter>
    <Filter Include="Source Files\GUI">
      <UniqueIdentifier>{d4cb41c9-e7a0-4742-8c04-492d468f2bae}</UniqueIdentifier>
    </Filter>
    <Filter Include="Source Files\DataAccess">
      <UniqueIdentifier>{79fc366c-229c-4f16-9eff-73998708e57b}</UniqueIdentifier>
    </Filter>
    <Filter Include="Source Files\Common">
      <UniqueIdentifier>{125149e4-a4f0-4b06-94b9-349a85c07c8d}</UniqueIdentifier>
    </Filter>
    <Filter Include="Source Files\Services">
      <UniqueIdentifier>{66373194-9b40-4e61-9986-650d158daeff}</UniqueIdentifier>
    </Filter>
    <Filter Include="Source Files\Models">
      <UniqueIdentifier>{05e6e823-1ce9-4cc2-b177-caf678252b5d}</UniqueIdentifier>
    </Filter>
    <Filter Include="Header Files\Models">
      <UniqueIdentifier>{2a6da1f5-486d-4ccc-94d4-4c3da5acf35c}</UniqueIdentifier>
    </Filter>
    <Filter Include="Header Files\Libs">
      <UniqueIdentifier>{5a587382-0ee9-4f51-90e5-60f9fed492d3}</UniqueIdentifier>
    </Filter>
    <Filter Include="Header Files\Libs\hiberlite">
      <UniqueIdentifier>{b3734ce7-9cf3-478a-8f96-09081ffeeff0}</UniqueIdentifier>
    </Filter>
    <Filter Include="Source Files\Libs">
      <UniqueIdentifier>{607e868e-c55b-442b-92f7-3cb3ab62a08b}</UniqueIdentifier>
    </Filter>
    <Filter Include="Source Files\Libs\hiberlate">
      <UniqueIdentifier>{44ad97a3-19c9-4173-bca2-c2f7f8655b5d}</UniqueIdentifier>
    </Filter>
  </ItemGroup>
  <ItemGroup>
    <ClCompile Include="main.cpp">
      <Filter>Source Files</Filter>
    </ClCompile>
    <ClCompile Include="inc_files\GUI\LampScreen.cpp">
      <Filter>Source Files\GUI</Filter>
    </ClCompile>
    <ClCompile Include="inc_files\GUI\MainScreen.cpp">
      <Filter>Source Files\GUI</Filter>
    </ClCompile>
    <ClCompile Include="inc_files\GUI\ProductScreen.cpp">
      <Filter>Source Files\GUI</Filter>
    </ClCompile>
    <ClCompile Include="inc_files\GUI\ScreenStack.cpp">
      <Filter>Source Files\GUI</Filter>
    </ClCompile>
    <ClCompile Include="inc_files\DataAccess\ProductDataManager.cpp">
      <Filter>Source Files\DataAccess</Filter>
    </ClCompile>
    <ClCompile Include="inc_files\Services\ProductManager.cpp">
      <Filter>Source Files\Services</Filter>
    </ClCompile>
    <ClCompile Include="inc_files\Services\ResourceManager.cpp">
      <Filter>Source Files\Services</Filter>
    </ClCompile>
    <ClCompile Include="inc_files\Common\Lamp.cpp">
      <Filter>Source Files\Common</Filter>
    </ClCompile>
    <ClCompile Include="inc_files\Libs\hiberlite\BeanLoader.cpp">
      <Filter>Source Files\Libs\hiberlate</Filter>
    </ClCompile>
    <ClCompile Include="inc_files\Libs\hiberlite\BeanUpdater.cpp">
      <Filter>Source Files\Libs\hiberlate</Filter>
    </ClCompile>
    <ClCompile Include="inc_files\Libs\hiberlite\ChildKiller.cpp">
      <Filter>Source Files\Libs\hiberlate</Filter>
    </ClCompile>
    <ClCompile Include="inc_files\Libs\hiberlite\CppModel.cpp">
      <Filter>Source Files\Libs\hiberlate</Filter>
    </ClCompile>
    <ClCompile Include="inc_files\Libs\hiberlite\Database.cpp">
      <Filter>Source Files\Libs\hiberlate</Filter>
    </ClCompile>
    <ClCompile Include="inc_files\Libs\hiberlite\ModelExtractor.cpp">
      <Filter>Source Files\Libs\hiberlate</Filter>
    </ClCompile>
    <ClCompile Include="inc_files\Libs\hiberlite\Registry.cpp">
      <Filter>Source Files\Libs\hiberlate</Filter>
    </ClCompile>
    <ClCompile Include="inc_files\Libs\hiberlite\shared_res.cpp">
      <Filter>Source Files\Libs\hiberlate</Filter>
    </ClCompile>
    <ClCompile Include="inc_files\Libs\hiberlite\sqlite3.c">
      <Filter>Source Files\Libs\hiberlate</Filter>
    </ClCompile>
    <ClCompile Include="inc_files\Libs\hiberlite\SQLiteStmt.cpp">
      <Filter>Source Files\Libs\hiberlate</Filter>
    </ClCompile>
    <ClCompile Include="inc_files\Libs\hiberlite\Visitor.cpp">
      <Filter>Source Files\Libs\hiberlate</Filter>
    </ClCompile>
  </ItemGroup>
  <ItemGroup>
    <ClInclude Include="inc_files\Services\ProductManager.h">
      <Filter>Header Files\Services</Filter>
    </ClInclude>
    <ClInclude Include="inc_files\DataAccess\ProductDataManager.h">
      <Filter>Header Files\DataAccess</Filter>
    </ClInclude>
    <ClInclude Include="inc_files\Common\Lamp.h">
      <Filter>Header Files\Common</Filter>
    </ClInclude>
    <ClInclude Include="inc_files\Services\ResourceManager.h">
      <Filter>Header Files\Services</Filter>
    </ClInclude>
    <ClInclude Include="inc_files\Libs\hiberlite\bean_ptr.h">
      <Filter>Header Files\Libs\hiberlite</Filter>
    </ClInclude>
    <ClInclude Include="inc_files\Libs\hiberlite\bean_ptr_impl.hpp">
      <Filter>Header Files\Libs\hiberlite</Filter>
    </ClInclude>
    <ClInclude Include="inc_files\Libs\hiberlite\BeanLoader.h">
      <Filter>Header Files\Libs\hiberlite</Filter>
    </ClInclude>
    <ClInclude Include="inc_files\Libs\hiberlite\BeanLoader_impl.hpp">
      <Filter>Header Files\Libs\hiberlite</Filter>
    </ClInclude>
    <ClInclude Include="inc_files\Libs\hiberlite\BeanUpdater.h">
      <Filter>Header Files\Libs\hiberlite</Filter>
    </ClInclude>
    <ClInclude Include="inc_files\Libs\hiberlite\BeanUpdater_impl.hpp">
      <Filter>Header Files\Libs\hiberlite</Filter>
    </ClInclude>
    <ClInclude Include="inc_files\Libs\hiberlite\ChildKiller.h">
      <Filter>Header Files\Libs\hiberlite</Filter>
    </ClInclude>
    <ClInclude Include="inc_files\Libs\hiberlite\ChildKiller_impl.hpp">
      <Filter>Header Files\Libs\hiberlite</Filter>
    </ClInclude>
    <ClInclude Include="inc_files\Libs\hiberlite\common.h">
      <Filter>Header Files\Libs\hiberlite</Filter>
    </ClInclude>
    <ClInclude Include="inc_files\Libs\hiberlite\CppModel.h">
      <Filter>Header Files\Libs\hiberlite</Filter>
    </ClInclude>
    <ClInclude Include="inc_files\Libs\hiberlite\Database.h">
      <Filter>Header Files\Libs\hiberlite</Filter>
    </ClInclude>
    <ClInclude Include="inc_files\Libs\hiberlite\Database_tmpl_impl.hpp">
      <Filter>Header Files\Libs\hiberlite</Filter>
    </ClInclude>
    <ClInclude Include="inc_files\Libs\hiberlite\db_error.h">
      <Filter>Header Files\Libs\hiberlite</Filter>
    </ClInclude>
    <ClInclude Include="inc_files\Libs\hiberlite\hiberdefs.h">
      <Filter>Header Files\Libs\hiberlite</Filter>
    </ClInclude>
    <ClInclude Include="inc_files\Libs\hiberlite\hiberlite.h">
      <Filter>Header Files\Libs\hiberlite</Filter>
    </ClInclude>
    <ClInclude Include="inc_files\Libs\hiberlite\ModelExtractor.h">
      <Filter>Header Files\Libs\hiberlite</Filter>
    </ClInclude>
    <ClInclude Include="inc_files\Libs\hiberlite\ModelExtractor_impl.hpp">
      <Filter>Header Files\Libs\hiberlite</Filter>
    </ClInclude>
    <ClInclude Include="inc_files\Libs\hiberlite\nvp.h">
      <Filter>Header Files\Libs\hiberlite</Filter>
    </ClInclude>
    <ClInclude Include="inc_files\Libs\hiberlite\Registry.h">
      <Filter>Header Files\Libs\hiberlite</Filter>
    </ClInclude>
    <ClInclude Include="inc_files\Libs\hiberlite\Registry_impl.hpp">
      <Filter>Header Files\Libs\hiberlite</Filter>
    </ClInclude>
    <ClInclude Include="inc_files\Libs\hiberlite\shared_res.h">
      <Filter>Header Files\Libs\hiberlite</Filter>
    </ClInclude>
    <ClInclude Include="inc_files\Libs\hiberlite\some_types.h">
      <Filter>Header Files\Libs\hiberlite</Filter>
    </ClInclude>
    <ClInclude Include="inc_files\Libs\hiberlite\sqlite3.h">
      <Filter>Header Files\Libs\hiberlite</Filter>
    </ClInclude>
    <ClInclude Include="inc_files\Libs\hiberlite\SQLiteStmt.h">
      <Filter>Header Files\Libs\hiberlite</Filter>
    </ClInclude>
    <ClInclude Include="inc_files\Libs\hiberlite\UpdateVisitor_tmpl.hpp">
      <Filter>Header Files\Libs\hiberlite</Filter>
    </ClInclude>
    <ClInclude Include="inc_files\Libs\hiberlite\Visitor_tmpl_impl.hpp">
      <Filter>Header Files\Libs\hiberlite</Filter>
    </ClInclude>
    <ClInclude Include="inc_files\Libs\hiberlite\Visitor.h">
      <Filter>Header Files\Libs\hiberlite</Filter>
    </ClInclude>
  </ItemGroup>
  <ItemGroup>
    <QtMoc Include="inc_files\GUI\MainScreen.h">
      <Filter>Header Files\GUI</Filter>
    </QtMoc>
    <QtMoc Include="inc_files\GUI\ProductScreen.h">
      <Filter>Header Files\GUI</Filter>
    </QtMoc>
    <QtMoc Include="inc_files\GUI\ScreenStack.h">
      <Filter>Header Files\GUI</Filter>
    </QtMoc>
    <QtMoc Include="inc_files\GUI\LampScreen.h">
      <Filter>Header Files\GUI</Filter>
    </QtMoc>
  </ItemGroup>
</Project>